
Microsoft Visual Studio Solution File, Format Version 12.00
# Visual Studio Version 16
VisualStudioVersion = 16.0.29905.134
MinimumVisualStudioVersion = 10.0.40219.1
Project("{FAE04EC0-301F-11D3-BF4B-00C04F79EFBC}") = "Assignment01B", "Assignment01B.csproj", "{59A88FBD-4B33-49A6-A647-A048EE0EE476}"
EndProject
Global
	GlobalSection(SolutionConfigurationPlatforms) = preSolution
		Debug|Any CPU = Debug|Any CPU
		Release|Any CPU = Release|Any CPU
	EndGlobalSection
	GlobalSection(ProjectConfigurationPlatforms) = postSolution
		{59A88FBD-4B33-49A6-A647-A048EE0EE476}.Debug|Any CPU.ActiveCfg = Debug|Any CPU
		{59A88FBD-4B33-49A6-A647-A048EE0EE476}.Debug|Any CPU.Build.0 = Debug|Any CPU
		{59A88FBD-4B33-49A6-A647-A048EE0EE476}.Release|Any CPU.ActiveCfg = Release|Any CPU
		{59A88FBD-4B33-49A6-A647-A048EE0EE476}.Release|Any CPU.Build.0 = Release|Any CPU
	EndGlobalSection
	GlobalSection(SolutionProperties) = preSolution
		HideSolutionNode = FALSE
	EndGlobalSection
	GlobalSection(ExtensibilityGlobals) = postSolution
		SolutionGuid = {95308130-33D0-4B92-9727-5F4E778F7BAB}
	EndGlobalSection
EndGlobal
